
Microsoft Visual Studio Solution File, Format Version 12.00
# Visual Studio Version 17
VisualStudioVersion = 17.8.34330.188
MinimumVisualStudioVersion = 10.0.40219.1
Project("{FAE04EC0-301F-11D3-BF4B-00C04F79EFBC}") = "11_Linq", "11_Linq.csproj", "{185E170F-10A0-409A-B265-008607493832}"
EndProject
Global
	GlobalSection(SolutionConfigurationPlatforms) = preSolution
		Debug|Any CPU = Debug|Any CPU
		Release|Any CPU = Release|Any CPU
	EndGlobalSection
	GlobalSection(ProjectConfigurationPlatforms) = postSolution
		{185E170F-10A0-409A-B265-008607493832}.Debug|Any CPU.ActiveCfg = Debug|Any CPU
		{185E170F-10A0-409A-B265-008607493832}.Debug|Any CPU.Build.0 = Debug|Any CPU
		{185E170F-10A0-409A-B265-008607493832}.Release|Any CPU.ActiveCfg = Release|Any CPU
		{185E170F-10A0-409A-B265-008607493832}.Release|Any CPU.Build.0 = Release|Any CPU
	EndGlobalSection
	GlobalSection(SolutionProperties) = preSolution
		HideSolutionNode = FALSE
	EndGlobalSection
	GlobalSection(ExtensibilityGlobals) = postSolution
		SolutionGuid = {0FA81084-63C4-40F1-B4A7-06567AE43939}
	EndGlobalSection
EndGlobal
