
Microsoft Visual Studio Solution File, Format Version 12.00
# Visual Studio Version 17
VisualStudioVersion = 17.8.34330.188
MinimumVisualStudioVersion = 10.0.40219.1
Project("{FAE04EC0-301F-11D3-BF4B-00C04F79EFBC}") = "WebAPI", "WebAPI.csproj", "{BD4A836E-7F82-4C36-AF6A-46F5F0128802}"
EndProject
Global
	GlobalSection(SolutionConfigurationPlatforms) = preSolution
		Debug|Any CPU = Debug|Any CPU
		Release|Any CPU = Release|Any CPU
	EndGlobalSection
	GlobalSection(ProjectConfigurationPlatforms) = postSolution
		{BD4A836E-7F82-4C36-AF6A-46F5F0128802}.Debug|Any CPU.ActiveCfg = Debug|Any CPU
		{BD4A836E-7F82-4C36-AF6A-46F5F0128802}.Debug|Any CPU.Build.0 = Debug|Any CPU
		{BD4A836E-7F82-4C36-AF6A-46F5F0128802}.Release|Any CPU.ActiveCfg = Release|Any CPU
		{BD4A836E-7F82-4C36-AF6A-46F5F0128802}.Release|Any CPU.Build.0 = Release|Any CPU
	EndGlobalSection
	GlobalSection(SolutionProperties) = preSolution
		HideSolutionNode = FALSE
	EndGlobalSection
	GlobalSection(ExtensibilityGlobals) = postSolution
		SolutionGuid = {8946FD45-F47A-4856-B1EA-BA63AE27EB0C}
	EndGlobalSection
EndGlobal
