
Microsoft Visual Studio Solution File, Format Version 12.00
# Visual Studio Version 17
VisualStudioVersion = 17.8.34330.188
MinimumVisualStudioVersion = 10.0.40219.1
Project("{FAE04EC0-301F-11D3-BF4B-00C04F79EFBC}") = "DBFirst", "DBFirst.csproj", "{E4CD343F-743F-49F3-A9AF-8CF103B253B9}"
EndProject
Global
	GlobalSection(SolutionConfigurationPlatforms) = preSolution
		Debug|Any CPU = Debug|Any CPU
		Release|Any CPU = Release|Any CPU
	EndGlobalSection
	GlobalSection(ProjectConfigurationPlatforms) = postSolution
		{E4CD343F-743F-49F3-A9AF-8CF103B253B9}.Debug|Any CPU.ActiveCfg = Debug|Any CPU
		{E4CD343F-743F-49F3-A9AF-8CF103B253B9}.Debug|Any CPU.Build.0 = Debug|Any CPU
		{E4CD343F-743F-49F3-A9AF-8CF103B253B9}.Release|Any CPU.ActiveCfg = Release|Any CPU
		{E4CD343F-743F-49F3-A9AF-8CF103B253B9}.Release|Any CPU.Build.0 = Release|Any CPU
	EndGlobalSection
	GlobalSection(SolutionProperties) = preSolution
		HideSolutionNode = FALSE
	EndGlobalSection
	GlobalSection(ExtensibilityGlobals) = postSolution
		SolutionGuid = {F6F693F0-B9FC-4DD5-9C18-C9196AF7F659}
	EndGlobalSection
EndGlobal
