
Microsoft Visual Studio Solution File, Format Version 12.00
# Visual Studio Version 17
VisualStudioVersion = 17.8.34330.188
MinimumVisualStudioVersion = 10.0.40219.1
Project("{FAE04EC0-301F-11D3-BF4B-00C04F79EFBC}") = "14_Threading", "14_Threading.csproj", "{A156F495-87BF-4D4C-A202-9D0E75BB68CA}"
EndProject
Global
	GlobalSection(SolutionConfigurationPlatforms) = preSolution
		Debug|Any CPU = Debug|Any CPU
		Release|Any CPU = Release|Any CPU
	EndGlobalSection
	GlobalSection(ProjectConfigurationPlatforms) = postSolution
		{A156F495-87BF-4D4C-A202-9D0E75BB68CA}.Debug|Any CPU.ActiveCfg = Debug|Any CPU
		{A156F495-87BF-4D4C-A202-9D0E75BB68CA}.Debug|Any CPU.Build.0 = Debug|Any CPU
		{A156F495-87BF-4D4C-A202-9D0E75BB68CA}.Release|Any CPU.ActiveCfg = Release|Any CPU
		{A156F495-87BF-4D4C-A202-9D0E75BB68CA}.Release|Any CPU.Build.0 = Release|Any CPU
	EndGlobalSection
	GlobalSection(SolutionProperties) = preSolution
		HideSolutionNode = FALSE
	EndGlobalSection
	GlobalSection(ExtensibilityGlobals) = postSolution
		SolutionGuid = {C6080939-CF46-4C47-86AE-E413FC8D6DA0}
	EndGlobalSection
EndGlobal
