
Microsoft Visual Studio Solution File, Format Version 12.00
# Visual Studio Version 17
VisualStudioVersion = 17.8.34330.188
MinimumVisualStudioVersion = 10.0.40219.1
Project("{FAE04EC0-301F-11D3-BF4B-00C04F79EFBC}") = "6_Other_OOP_Concept", "6_Other_OOP_Concept.csproj", "{F851C3BF-9236-470F-85CC-0420502024D2}"
EndProject
Global
	GlobalSection(SolutionConfigurationPlatforms) = preSolution
		Debug|Any CPU = Debug|Any CPU
		Release|Any CPU = Release|Any CPU
	EndGlobalSection
	GlobalSection(ProjectConfigurationPlatforms) = postSolution
		{F851C3BF-9236-470F-85CC-0420502024D2}.Debug|Any CPU.ActiveCfg = Debug|Any CPU
		{F851C3BF-9236-470F-85CC-0420502024D2}.Debug|Any CPU.Build.0 = Debug|Any CPU
		{F851C3BF-9236-470F-85CC-0420502024D2}.Release|Any CPU.ActiveCfg = Release|Any CPU
		{F851C3BF-9236-470F-85CC-0420502024D2}.Release|Any CPU.Build.0 = Release|Any CPU
	EndGlobalSection
	GlobalSection(SolutionProperties) = preSolution
		HideSolutionNode = FALSE
	EndGlobalSection
	GlobalSection(ExtensibilityGlobals) = postSolution
		SolutionGuid = {19346F5E-6DBD-44E1-9CB3-E6B94FFE7259}
	EndGlobalSection
EndGlobal
