
Microsoft Visual Studio Solution File, Format Version 12.00
# Visual Studio Version 17
VisualStudioVersion = 17.8.34330.188
MinimumVisualStudioVersion = 10.0.40219.1
Project("{9A19103F-16F7-4668-BE54-9A1E7A4F7556}") = "MyFirstApp", "MyFirstApp.csproj", "{BA3CE1B1-37E1-4C7E-9355-117D592658AD}"
EndProject
Global
	GlobalSection(SolutionConfigurationPlatforms) = preSolution
		Debug|Any CPU = Debug|Any CPU
		Release|Any CPU = Release|Any CPU
	EndGlobalSection
	GlobalSection(ProjectConfigurationPlatforms) = postSolution
		{BA3CE1B1-37E1-4C7E-9355-117D592658AD}.Debug|Any CPU.ActiveCfg = Debug|Any CPU
		{BA3CE1B1-37E1-4C7E-9355-117D592658AD}.Debug|Any CPU.Build.0 = Debug|Any CPU
		{BA3CE1B1-37E1-4C7E-9355-117D592658AD}.Release|Any CPU.ActiveCfg = Release|Any CPU
		{BA3CE1B1-37E1-4C7E-9355-117D592658AD}.Release|Any CPU.Build.0 = Release|Any CPU
	EndGlobalSection
	GlobalSection(SolutionProperties) = preSolution
		HideSolutionNode = FALSE
	EndGlobalSection
	GlobalSection(ExtensibilityGlobals) = postSolution
		SolutionGuid = {C622206A-F3F5-4BF1-95E6-58B37FB3F316}
	EndGlobalSection
EndGlobal
